<?xml version="1.0" encoding="UTF-8"?>
<CodeBlocks_project_file>
	<FileVersion major="1" minor="6"/>
	<Project>
		<Option title="vHelix"/>
		<Option makefile_is_custom="1"/>
		<Option compiler="msvc8"/>
		<Option virtualFolders="CMake Files\;CMake Files\..\;CMake Files\..\..\;CMake Files\..\..\..\;CMake Files\..\..\..\..\;CMake Files\..\..\..\..\..\;CMake Files\..\..\..\..\..\..\;CMake Files\..\..\..\..\..\..\..\;CMake Files\..\..\..\..\..\..\..\..\;CMake Files\..\..\..\..\..\..\..\..\Qt\;CMake Files\..\..\..\..\..\..\..\..\Qt\5.9.9\;CMake Files\..\..\..\..\..\..\..\..\Qt\5.9.9\msvc2017_64\;CMake Files\..\..\..\..\..\..\..\..\Qt\5.9.9\msvc2017_64\lib\;CMake Files\..\..\..\..\..\..\..\..\Qt\5.9.9\msvc2017_64\lib\cmake\;CMake Files\..\..\..\..\..\..\..\..\Qt\5.9.9\msvc2017_64\lib\cmake\Qt5\;CMake Files\..\..\..\..\..\..\..\..\Qt\5.9.9\msvc2017_64\lib\cmake\Qt5Widgets\;CMake Files\..\..\..\..\..\..\..\..\Qt\5.9.9\msvc2017_64\lib\cmake\Qt5Gui\;CMake Files\..\..\..\..\..\..\..\..\Qt\5.9.9\msvc2017_64\lib\cmake\Qt5Core\;"/>
		<Build>
			<Target title="all">
				<Option working_dir="C:/Users/granoh1/projects/ncgit/code/vhelix/src/build-vHelix-Desktop_Qt_5_9_9_MSVC2017_64bit-Debug"/>
				<Option type="4"/>
				<MakeCommands>
					<Build command="C:/PROGRA~2/MICROS~2/2019/ENTERP~1/Common7/IDE/COMMON~1/MICROS~1/CMake/Ninja/ninja.exe -v all"/>
					<CompileFile command="C:/PROGRA~2/MICROS~2/2019/ENTERP~1/Common7/IDE/COMMON~1/MICROS~1/CMake/Ninja/ninja.exe -v &quot;$file&quot;"/>
					<Clean command="C:/PROGRA~2/MICROS~2/2019/ENTERP~1/Common7/IDE/COMMON~1/MICROS~1/CMake/Ninja/ninja.exe -v clean"/>
					<DistClean command="C:/PROGRA~2/MICROS~2/2019/ENTERP~1/Common7/IDE/COMMON~1/MICROS~1/CMake/Ninja/ninja.exe -v clean"/>
				</MakeCommands>
			</Target>
			<Target title="vHelix">
				<Option output="C:/Users/granoh1/projects/ncgit/code/vhelix/src/build-vHelix-Desktop_Qt_5_9_9_MSVC2017_64bit-Debug/vHelix.exe" prefix_auto="0" extension_auto="0"/>
				<Option working_dir="C:/Users/granoh1/projects/ncgit/code/vhelix/src/build-vHelix-Desktop_Qt_5_9_9_MSVC2017_64bit-Debug"/>
				<Option object_output="./"/>
				<Option type="1"/>
				<Option compiler="msvc8"/>
				<Compiler>
					<Add option="-DQT_WIDGETS_LIB"/>
					<Add option="-DQT_GUI_LIB"/>
					<Add option="-DQT_CORE_LIB"/>
					<Add directory="C:/Users/granoh1/projects/ncgit/code/vhelix/src/build-vHelix-Desktop_Qt_5_9_9_MSVC2017_64bit-Debug"/>
					<Add directory="C:/Users/granoh1/projects/ncgit/code/vhelix/src/vHelix"/>
					<Add directory="C:/Users/granoh1/projects/ncgit/code/vhelix/src/build-vHelix-Desktop_Qt_5_9_9_MSVC2017_64bit-Debug/vHelix_autogen/include"/>
					<Add directory="C:/Qt/5.9.9/msvc2017_64/include"/>
					<Add directory="C:/Qt/5.9.9/msvc2017_64/include/QtWidgets"/>
					<Add directory="C:/Qt/5.9.9/msvc2017_64/include/QtGui"/>
					<Add directory="C:/Qt/5.9.9/msvc2017_64/include/QtANGLE"/>
					<Add directory="C:/Qt/5.9.9/msvc2017_64/include/QtCore"/>
					<Add directory="C:/Qt/5.9.9/msvc2017_64/./mkspecs/win32-msvc"/>
					<Add directory="C:\Program Files (x86)\Microsoft Visual Studio\2019\Enterprise\VC\Tools\MSVC\14.22.27905\ATLMFC\include"/>
					<Add directory="C:\Program Files (x86)\Microsoft Visual Studio\2019\Enterprise\VC\Tools\MSVC\14.22.27905\include"/>
					<Add directory="C:\Program Files (x86)\Windows Kits\NETFXSDK\4.7.2\include\um"/>
					<Add directory="C:\Program Files (x86)\Windows Kits\10\include\10.0.18362.0\ucrt"/>
					<Add directory="C:\Program Files (x86)\Windows Kits\10\include\10.0.18362.0\shared"/>
					<Add directory="C:\Program Files (x86)\Windows Kits\10\include\10.0.18362.0\um"/>
					<Add directory="C:\Program Files (x86)\Windows Kits\10\include\10.0.18362.0\winrt"/>
					<Add directory="C:\Program Files (x86)\Windows Kits\10\include\10.0.18362.0\cppwinrt"/>
				</Compiler>
				<MakeCommands>
					<Build command="C:/PROGRA~2/MICROS~2/2019/ENTERP~1/Common7/IDE/COMMON~1/MICROS~1/CMake/Ninja/ninja.exe -v vHelix"/>
					<CompileFile command="C:/PROGRA~2/MICROS~2/2019/ENTERP~1/Common7/IDE/COMMON~1/MICROS~1/CMake/Ninja/ninja.exe -v &quot;$file&quot;"/>
					<Clean command="C:/PROGRA~2/MICROS~2/2019/ENTERP~1/Common7/IDE/COMMON~1/MICROS~1/CMake/Ninja/ninja.exe -v clean"/>
					<DistClean command="C:/PROGRA~2/MICROS~2/2019/ENTERP~1/Common7/IDE/COMMON~1/MICROS~1/CMake/Ninja/ninja.exe -v clean"/>
				</MakeCommands>
			</Target>
			<Target title="vHelix/fast">
				<Option output="C:/Users/granoh1/projects/ncgit/code/vhelix/src/build-vHelix-Desktop_Qt_5_9_9_MSVC2017_64bit-Debug/vHelix.exe" prefix_auto="0" extension_auto="0"/>
				<Option working_dir="C:/Users/granoh1/projects/ncgit/code/vhelix/src/build-vHelix-Desktop_Qt_5_9_9_MSVC2017_64bit-Debug"/>
				<Option object_output="./"/>
				<Option type="1"/>
				<Option compiler="msvc8"/>
				<Compiler>
					<Add option="-DQT_WIDGETS_LIB"/>
					<Add option="-DQT_GUI_LIB"/>
					<Add option="-DQT_CORE_LIB"/>
					<Add directory="C:/Users/granoh1/projects/ncgit/code/vhelix/src/build-vHelix-Desktop_Qt_5_9_9_MSVC2017_64bit-Debug"/>
					<Add directory="C:/Users/granoh1/projects/ncgit/code/vhelix/src/vHelix"/>
					<Add directory="C:/Users/granoh1/projects/ncgit/code/vhelix/src/build-vHelix-Desktop_Qt_5_9_9_MSVC2017_64bit-Debug/vHelix_autogen/include"/>
					<Add directory="C:/Qt/5.9.9/msvc2017_64/include"/>
					<Add directory="C:/Qt/5.9.9/msvc2017_64/include/QtWidgets"/>
					<Add directory="C:/Qt/5.9.9/msvc2017_64/include/QtGui"/>
					<Add directory="C:/Qt/5.9.9/msvc2017_64/include/QtANGLE"/>
					<Add directory="C:/Qt/5.9.9/msvc2017_64/include/QtCore"/>
					<Add directory="C:/Qt/5.9.9/msvc2017_64/./mkspecs/win32-msvc"/>
					<Add directory="C:\Program Files (x86)\Microsoft Visual Studio\2019\Enterprise\VC\Tools\MSVC\14.22.27905\ATLMFC\include"/>
					<Add directory="C:\Program Files (x86)\Microsoft Visual Studio\2019\Enterprise\VC\Tools\MSVC\14.22.27905\include"/>
					<Add directory="C:\Program Files (x86)\Windows Kits\NETFXSDK\4.7.2\include\um"/>
					<Add directory="C:\Program Files (x86)\Windows Kits\10\include\10.0.18362.0\ucrt"/>
					<Add directory="C:\Program Files (x86)\Windows Kits\10\include\10.0.18362.0\shared"/>
					<Add directory="C:\Program Files (x86)\Windows Kits\10\include\10.0.18362.0\um"/>
					<Add directory="C:\Program Files (x86)\Windows Kits\10\include\10.0.18362.0\winrt"/>
					<Add directory="C:\Program Files (x86)\Windows Kits\10\include\10.0.18362.0\cppwinrt"/>
				</Compiler>
				<MakeCommands>
					<Build command="C:/PROGRA~2/MICROS~2/2019/ENTERP~1/Common7/IDE/COMMON~1/MICROS~1/CMake/Ninja/ninja.exe -v vHelix/fast"/>
					<CompileFile command="C:/PROGRA~2/MICROS~2/2019/ENTERP~1/Common7/IDE/COMMON~1/MICROS~1/CMake/Ninja/ninja.exe -v &quot;$file&quot;"/>
					<Clean command="C:/PROGRA~2/MICROS~2/2019/ENTERP~1/Common7/IDE/COMMON~1/MICROS~1/CMake/Ninja/ninja.exe -v clean"/>
					<DistClean command="C:/PROGRA~2/MICROS~2/2019/ENTERP~1/Common7/IDE/COMMON~1/MICROS~1/CMake/Ninja/ninja.exe -v clean"/>
				</MakeCommands>
			</Target>
			<Target title="edit_cache">
				<Option working_dir="C:/Users/granoh1/projects/ncgit/code/vhelix/src/build-vHelix-Desktop_Qt_5_9_9_MSVC2017_64bit-Debug"/>
				<Option type="4"/>
				<MakeCommands>
					<Build command="C:/PROGRA~2/MICROS~2/2019/ENTERP~1/Common7/IDE/COMMON~1/MICROS~1/CMake/Ninja/ninja.exe -v edit_cache"/>
					<CompileFile command="C:/PROGRA~2/MICROS~2/2019/ENTERP~1/Common7/IDE/COMMON~1/MICROS~1/CMake/Ninja/ninja.exe -v &quot;$file&quot;"/>
					<Clean command="C:/PROGRA~2/MICROS~2/2019/ENTERP~1/Common7/IDE/COMMON~1/MICROS~1/CMake/Ninja/ninja.exe -v clean"/>
					<DistClean command="C:/PROGRA~2/MICROS~2/2019/ENTERP~1/Common7/IDE/COMMON~1/MICROS~1/CMake/Ninja/ninja.exe -v clean"/>
				</MakeCommands>
			</Target>
			<Target title="rebuild_cache">
				<Option working_dir="C:/Users/granoh1/projects/ncgit/code/vhelix/src/build-vHelix-Desktop_Qt_5_9_9_MSVC2017_64bit-Debug"/>
				<Option type="4"/>
				<MakeCommands>
					<Build command="C:/PROGRA~2/MICROS~2/2019/ENTERP~1/Common7/IDE/COMMON~1/MICROS~1/CMake/Ninja/ninja.exe -v rebuild_cache"/>
					<CompileFile command="C:/PROGRA~2/MICROS~2/2019/ENTERP~1/Common7/IDE/COMMON~1/MICROS~1/CMake/Ninja/ninja.exe -v &quot;$file&quot;"/>
					<Clean command="C:/PROGRA~2/MICROS~2/2019/ENTERP~1/Common7/IDE/COMMON~1/MICROS~1/CMake/Ninja/ninja.exe -v clean"/>
					<DistClean command="C:/PROGRA~2/MICROS~2/2019/ENTERP~1/Common7/IDE/COMMON~1/MICROS~1/CMake/Ninja/ninja.exe -v clean"/>
				</MakeCommands>
			</Target>
			<Target title="vHelix_autogen">
				<Option working_dir="C:/Users/granoh1/projects/ncgit/code/vhelix/src/build-vHelix-Desktop_Qt_5_9_9_MSVC2017_64bit-Debug"/>
				<Option type="4"/>
				<MakeCommands>
					<Build command="C:/PROGRA~2/MICROS~2/2019/ENTERP~1/Common7/IDE/COMMON~1/MICROS~1/CMake/Ninja/ninja.exe -v vHelix_autogen"/>
					<CompileFile command="C:/PROGRA~2/MICROS~2/2019/ENTERP~1/Common7/IDE/COMMON~1/MICROS~1/CMake/Ninja/ninja.exe -v &quot;$file&quot;"/>
					<Clean command="C:/PROGRA~2/MICROS~2/2019/ENTERP~1/Common7/IDE/COMMON~1/MICROS~1/CMake/Ninja/ninja.exe -v clean"/>
					<DistClean command="C:/PROGRA~2/MICROS~2/2019/ENTERP~1/Common7/IDE/COMMON~1/MICROS~1/CMake/Ninja/ninja.exe -v clean"/>
				</MakeCommands>
			</Target>
		</Build>
		<Unit filename="C:/Users/granoh1/projects/ncgit/code/vhelix/src/build-vHelix-Desktop_Qt_5_9_9_MSVC2017_64bit-Debug/vHelix_autogen/mocs_compilation.cpp">
			<Option target="vHelix"/>
		</Unit>
		<Unit filename="C:/Users/granoh1/projects/ncgit/code/vhelix/src/vHelix/console.cpp">
			<Option target="vHelix"/>
		</Unit>
		<Unit filename="C:/Users/granoh1/projects/ncgit/code/vhelix/src/vHelix/console.h">
			<Option target="vHelix"/>
		</Unit>
		<Unit filename="C:/Users/granoh1/projects/ncgit/code/vhelix/src/vHelix/main.cpp">
			<Option target="vHelix"/>
		</Unit>
		<Unit filename="C:/Users/granoh1/projects/ncgit/code/vhelix/src/vHelix/mainwindow.cpp">
			<Option target="vHelix"/>
		</Unit>
		<Unit filename="C:/Users/granoh1/projects/ncgit/code/vhelix/src/vHelix/mainwindow.h">
			<Option target="vHelix"/>
		</Unit>
		<Unit filename="C:/Users/granoh1/projects/ncgit/code/vhelix/src/vHelix/mainwindow.ui">
			<Option target="vHelix"/>
		</Unit>
		<Unit filename="C:/Users/granoh1/projects/ncgit/code/vhelix/src/vHelix/processio.cpp">
			<Option target="vHelix"/>
		</Unit>
		<Unit filename="C:/Users/granoh1/projects/ncgit/code/vhelix/src/vHelix/processio.h">
			<Option target="vHelix"/>
		</Unit>
		<Unit filename="C:/Users/granoh1/projects/ncgit/code/vhelix/src/vHelix/vhelix.cpp">
			<Option target="vHelix"/>
		</Unit>
		<Unit filename="C:/Users/granoh1/projects/ncgit/code/vhelix/src/vHelix/vhelix.h">
			<Option target="vHelix"/>
		</Unit>
		<Unit filename="C:/Users/granoh1/projects/ncgit/code/vhelix/src/vHelix/CMakeLists.txt">
			<Option virtualFolder="CMake Files\"/>
		</Unit>
		<Unit filename="C:/Users/granoh1/projects/ncgit/code/vhelix/src/vHelix/../../../../../../../../Qt/5.9.9/msvc2017_64/lib/cmake/Qt5/Qt5Config.cmake">
			<Option virtualFolder="CMake Files\..\..\..\..\..\..\..\..\Qt\5.9.9\msvc2017_64\lib\cmake\Qt5\"/>
		</Unit>
		<Unit filename="C:/Users/granoh1/projects/ncgit/code/vhelix/src/vHelix/../../../../../../../../Qt/5.9.9/msvc2017_64/lib/cmake/Qt5/Qt5ConfigVersion.cmake">
			<Option virtualFolder="CMake Files\..\..\..\..\..\..\..\..\Qt\5.9.9\msvc2017_64\lib\cmake\Qt5\"/>
		</Unit>
		<Unit filename="C:/Users/granoh1/projects/ncgit/code/vhelix/src/vHelix/../../../../../../../../Qt/5.9.9/msvc2017_64/lib/cmake/Qt5/Qt5ModuleLocation.cmake">
			<Option virtualFolder="CMake Files\..\..\..\..\..\..\..\..\Qt\5.9.9\msvc2017_64\lib\cmake\Qt5\"/>
		</Unit>
		<Unit filename="C:/Users/granoh1/projects/ncgit/code/vhelix/src/vHelix/../../../../../../../../Qt/5.9.9/msvc2017_64/lib/cmake/Qt5Widgets/Qt5WidgetsConfig.cmake">
			<Option virtualFolder="CMake Files\..\..\..\..\..\..\..\..\Qt\5.9.9\msvc2017_64\lib\cmake\Qt5Widgets\"/>
		</Unit>
		<Unit filename="C:/Users/granoh1/projects/ncgit/code/vhelix/src/vHelix/../../../../../../../../Qt/5.9.9/msvc2017_64/lib/cmake/Qt5Widgets/Qt5WidgetsConfigExtras.cmake">
			<Option virtualFolder="CMake Files\..\..\..\..\..\..\..\..\Qt\5.9.9\msvc2017_64\lib\cmake\Qt5Widgets\"/>
		</Unit>
		<Unit filename="C:/Users/granoh1/projects/ncgit/code/vhelix/src/vHelix/../../../../../../../../Qt/5.9.9/msvc2017_64/lib/cmake/Qt5Widgets/Qt5WidgetsConfigVersion.cmake">
			<Option virtualFolder="CMake Files\..\..\..\..\..\..\..\..\Qt\5.9.9\msvc2017_64\lib\cmake\Qt5Widgets\"/>
		</Unit>
		<Unit filename="C:/Users/granoh1/projects/ncgit/code/vhelix/src/vHelix/../../../../../../../../Qt/5.9.9/msvc2017_64/lib/cmake/Qt5Widgets/Qt5WidgetsMacros.cmake">
			<Option virtualFolder="CMake Files\..\..\..\..\..\..\..\..\Qt\5.9.9\msvc2017_64\lib\cmake\Qt5Widgets\"/>
		</Unit>
		<Unit filename="C:/Users/granoh1/projects/ncgit/code/vhelix/src/vHelix/../../../../../../../../Qt/5.9.9/msvc2017_64/lib/cmake/Qt5Gui/Qt5GuiConfig.cmake">
			<Option virtualFolder="CMake Files\..\..\..\..\..\..\..\..\Qt\5.9.9\msvc2017_64\lib\cmake\Qt5Gui\"/>
		</Unit>
		<Unit filename="C:/Users/granoh1/projects/ncgit/code/vhelix/src/vHelix/../../../../../../../../Qt/5.9.9/msvc2017_64/lib/cmake/Qt5Gui/Qt5GuiConfigExtras.cmake">
			<Option virtualFolder="CMake Files\..\..\..\..\..\..\..\..\Qt\5.9.9\msvc2017_64\lib\cmake\Qt5Gui\"/>
		</Unit>
		<Unit filename="C:/Users/granoh1/projects/ncgit/code/vhelix/src/vHelix/../../../../../../../../Qt/5.9.9/msvc2017_64/lib/cmake/Qt5Gui/Qt5GuiConfigVersion.cmake">
			<Option virtualFolder="CMake Files\..\..\..\..\..\..\..\..\Qt\5.9.9\msvc2017_64\lib\cmake\Qt5Gui\"/>
		</Unit>
		<Unit filename="C:/Users/granoh1/projects/ncgit/code/vhelix/src/vHelix/../../../../../../../../Qt/5.9.9/msvc2017_64/lib/cmake/Qt5Gui/Qt5Gui_QGifPlugin.cmake">
			<Option virtualFolder="CMake Files\..\..\..\..\..\..\..\..\Qt\5.9.9\msvc2017_64\lib\cmake\Qt5Gui\"/>
		</Unit>
		<Unit filename="C:/Users/granoh1/projects/ncgit/code/vhelix/src/vHelix/../../../../../../../../Qt/5.9.9/msvc2017_64/lib/cmake/Qt5Gui/Qt5Gui_QICNSPlugin.cmake">
			<Option virtualFolder="CMake Files\..\..\..\..\..\..\..\..\Qt\5.9.9\msvc2017_64\lib\cmake\Qt5Gui\"/>
		</Unit>
		<Unit filename="C:/Users/granoh1/projects/ncgit/code/vhelix/src/vHelix/../../../../../../../../Qt/5.9.9/msvc2017_64/lib/cmake/Qt5Gui/Qt5Gui_QICOPlugin.cmake">
			<Option virtualFolder="CMake Files\..\..\..\..\..\..\..\..\Qt\5.9.9\msvc2017_64\lib\cmake\Qt5Gui\"/>
		</Unit>
		<Unit filename="C:/Users/granoh1/projects/ncgit/code/vhelix/src/vHelix/../../../../../../../../Qt/5.9.9/msvc2017_64/lib/cmake/Qt5Gui/Qt5Gui_QJpegPlugin.cmake">
			<Option virtualFolder="CMake Files\..\..\..\..\..\..\..\..\Qt\5.9.9\msvc2017_64\lib\cmake\Qt5Gui\"/>
		</Unit>
		<Unit filename="C:/Users/granoh1/projects/ncgit/code/vhelix/src/vHelix/../../../../../../../../Qt/5.9.9/msvc2017_64/lib/cmake/Qt5Gui/Qt5Gui_QMinimalIntegrationPlugin.cmake">
			<Option virtualFolder="CMake Files\..\..\..\..\..\..\..\..\Qt\5.9.9\msvc2017_64\lib\cmake\Qt5Gui\"/>
		</Unit>
		<Unit filename="C:/Users/granoh1/projects/ncgit/code/vhelix/src/vHelix/../../../../../../../../Qt/5.9.9/msvc2017_64/lib/cmake/Qt5Gui/Qt5Gui_QOffscreenIntegrationPlugin.cmake">
			<Option virtualFolder="CMake Files\..\..\..\..\..\..\..\..\Qt\5.9.9\msvc2017_64\lib\cmake\Qt5Gui\"/>
		</Unit>
		<Unit filename="C:/Users/granoh1/projects/ncgit/code/vhelix/src/vHelix/../../../../../../../../Qt/5.9.9/msvc2017_64/lib/cmake/Qt5Gui/Qt5Gui_QTgaPlugin.cmake">
			<Option virtualFolder="CMake Files\..\..\..\..\..\..\..\..\Qt\5.9.9\msvc2017_64\lib\cmake\Qt5Gui\"/>
		</Unit>
		<Unit filename="C:/Users/granoh1/projects/ncgit/code/vhelix/src/vHelix/../../../../../../../../Qt/5.9.9/msvc2017_64/lib/cmake/Qt5Gui/Qt5Gui_QTiffPlugin.cmake">
			<Option virtualFolder="CMake Files\..\..\..\..\..\..\..\..\Qt\5.9.9\msvc2017_64\lib\cmake\Qt5Gui\"/>
		</Unit>
		<Unit filename="C:/Users/granoh1/projects/ncgit/code/vhelix/src/vHelix/../../../../../../../../Qt/5.9.9/msvc2017_64/lib/cmake/Qt5Gui/Qt5Gui_QTuioTouchPlugin.cmake">
			<Option virtualFolder="CMake Files\..\..\..\..\..\..\..\..\Qt\5.9.9\msvc2017_64\lib\cmake\Qt5Gui\"/>
		</Unit>
		<Unit filename="C:/Users/granoh1/projects/ncgit/code/vhelix/src/vHelix/../../../../../../../../Qt/5.9.9/msvc2017_64/lib/cmake/Qt5Gui/Qt5Gui_QWbmpPlugin.cmake">
			<Option virtualFolder="CMake Files\..\..\..\..\..\..\..\..\Qt\5.9.9\msvc2017_64\lib\cmake\Qt5Gui\"/>
		</Unit>
		<Unit filename="C:/Users/granoh1/projects/ncgit/code/vhelix/src/vHelix/../../../../../../../../Qt/5.9.9/msvc2017_64/lib/cmake/Qt5Gui/Qt5Gui_QWebpPlugin.cmake">
			<Option virtualFolder="CMake Files\..\..\..\..\..\..\..\..\Qt\5.9.9\msvc2017_64\lib\cmake\Qt5Gui\"/>
		</Unit>
		<Unit filename="C:/Users/granoh1/projects/ncgit/code/vhelix/src/vHelix/../../../../../../../../Qt/5.9.9/msvc2017_64/lib/cmake/Qt5Gui/Qt5Gui_QWindowsDirect2DIntegrationPlugin.cmake">
			<Option virtualFolder="CMake Files\..\..\..\..\..\..\..\..\Qt\5.9.9\msvc2017_64\lib\cmake\Qt5Gui\"/>
		</Unit>
		<Unit filename="C:/Users/granoh1/projects/ncgit/code/vhelix/src/vHelix/../../../../../../../../Qt/5.9.9/msvc2017_64/lib/cmake/Qt5Gui/Qt5Gui_QWindowsIntegrationPlugin.cmake">
			<Option virtualFolder="CMake Files\..\..\..\..\..\..\..\..\Qt\5.9.9\msvc2017_64\lib\cmake\Qt5Gui\"/>
		</Unit>
		<Unit filename="C:/Users/granoh1/projects/ncgit/code/vhelix/src/vHelix/../../../../../../../../Qt/5.9.9/msvc2017_64/lib/cmake/Qt5Core/Qt5CoreConfig.cmake">
			<Option virtualFolder="CMake Files\..\..\..\..\..\..\..\..\Qt\5.9.9\msvc2017_64\lib\cmake\Qt5Core\"/>
		</Unit>
		<Unit filename="C:/Users/granoh1/projects/ncgit/code/vhelix/src/vHelix/../../../../../../../../Qt/5.9.9/msvc2017_64/lib/cmake/Qt5Core/Qt5CoreConfigExtras.cmake">
			<Option virtualFolder="CMake Files\..\..\..\..\..\..\..\..\Qt\5.9.9\msvc2017_64\lib\cmake\Qt5Core\"/>
		</Unit>
		<Unit filename="C:/Users/granoh1/projects/ncgit/code/vhelix/src/vHelix/../../../../../../../../Qt/5.9.9/msvc2017_64/lib/cmake/Qt5Core/Qt5CoreConfigExtrasMkspecDir.cmake">
			<Option virtualFolder="CMake Files\..\..\..\..\..\..\..\..\Qt\5.9.9\msvc2017_64\lib\cmake\Qt5Core\"/>
		</Unit>
		<Unit filename="C:/Users/granoh1/projects/ncgit/code/vhelix/src/vHelix/../../../../../../../../Qt/5.9.9/msvc2017_64/lib/cmake/Qt5Core/Qt5CoreConfigVersion.cmake">
			<Option virtualFolder="CMake Files\..\..\..\..\..\..\..\..\Qt\5.9.9\msvc2017_64\lib\cmake\Qt5Core\"/>
		</Unit>
		<Unit filename="C:/Users/granoh1/projects/ncgit/code/vhelix/src/vHelix/../../../../../../../../Qt/5.9.9/msvc2017_64/lib/cmake/Qt5Core/Qt5CoreMacros.cmake">
			<Option virtualFolder="CMake Files\..\..\..\..\..\..\..\..\Qt\5.9.9\msvc2017_64\lib\cmake\Qt5Core\"/>
		</Unit>
	</Project>
</CodeBlocks_project_file>
